// !$*UTF8*$!
{
	archiveVersion = 1;
	classes = {
	};
	objectVersion = 46;
	objects = {

/* Begin PBXBuildFile section */
		000C80A419022189003C01C9 /* TwitterTableViewCell.m in Sources */ = {isa = PBXBuildFile; fileRef = 000C80A219022189003C01C9 /* TwitterTableViewCell.m */; };
		000C80A819025D47003C01C9 /* SocialMediaTableViewCell.m in Sources */ = {isa = PBXBuildFile; fileRef = 000C80A719025D47003C01C9 /* SocialMediaTableViewCell.m */; };
		007941AF18F62955008097A3 /* Foundation.framework in Frameworks */ = {isa = PBXBuildFile; fileRef = 007941AE18F62955008097A3 /* Foundation.framework */; };
		007941B118F62955008097A3 /* CoreGraphics.framework in Frameworks */ = {isa = PBXBuildFile; fileRef = 007941B018F62955008097A3 /* CoreGraphics.framework */; };
		007941B318F62955008097A3 /* UIKit.framework in Frameworks */ = {isa = PBXBuildFile; fileRef = 007941B218F62955008097A3 /* UIKit.framework */; };
		007941B918F62955008097A3 /* InfoPlist.strings in Resources */ = {isa = PBXBuildFile; fileRef = 007941B718F62955008097A3 /* InfoPlist.strings */; };
		007941BB18F62955008097A3 /* main.m in Sources */ = {isa = PBXBuildFile; fileRef = 007941BA18F62955008097A3 /* main.m */; };
		007941BF18F62955008097A3 /* AppDelegate.m in Sources */ = {isa = PBXBuildFile; fileRef = 007941BE18F62955008097A3 /* AppDelegate.m */; };
		007941C218F62955008097A3 /* Main.storyboard in Resources */ = {isa = PBXBuildFile; fileRef = 007941C018F62955008097A3 /* Main.storyboard */; };
		007941C718F62955008097A3 /* Images.xcassets in Resources */ = {isa = PBXBuildFile; fileRef = 007941C618F62955008097A3 /* Images.xcassets */; };
		007941CE18F62955008097A3 /* XCTest.framework in Frameworks */ = {isa = PBXBuildFile; fileRef = 007941CD18F62955008097A3 /* XCTest.framework */; };
		007941CF18F62955008097A3 /* Foundation.framework in Frameworks */ = {isa = PBXBuildFile; fileRef = 007941AE18F62955008097A3 /* Foundation.framework */; };
		007941D018F62955008097A3 /* UIKit.framework in Frameworks */ = {isa = PBXBuildFile; fileRef = 007941B218F62955008097A3 /* UIKit.framework */; };
		007941D818F62955008097A3 /* InfoPlist.strings in Resources */ = {isa = PBXBuildFile; fileRef = 007941D618F62955008097A3 /* InfoPlist.strings */; };
		007941DA18F62955008097A3 /* SocialMediaTests.m in Sources */ = {isa = PBXBuildFile; fileRef = 007941D918F62955008097A3 /* SocialMediaTests.m */; };
		007941E818F62F7D008097A3 /* SidebarViewController.m in Sources */ = {isa = PBXBuildFile; fileRef = 007941E718F62F7D008097A3 /* SidebarViewController.m */; };
		007941EB18F632FF008097A3 /* SocialViewController.m in Sources */ = {isa = PBXBuildFile; fileRef = 007941EA18F632FF008097A3 /* SocialViewController.m */; };
		007941ED18F63504008097A3 /* SocialViewController.storyboard in Resources */ = {isa = PBXBuildFile; fileRef = 007941EC18F63504008097A3 /* SocialViewController.storyboard */; };
		007941F018F63B99008097A3 /* SidebarTableViewCell.m in Sources */ = {isa = PBXBuildFile; fileRef = 007941EF18F63B99008097A3 /* SidebarTableViewCell.m */; };
		00C3B67C18F64533002D836A /* Check.png in Resources */ = {isa = PBXBuildFile; fileRef = 00C3B67A18F64533002D836A /* Check.png */; };
		00C3B67D18F64533002D836A /* Check@2x.png in Resources */ = {isa = PBXBuildFile; fileRef = 00C3B67B18F64533002D836A /* Check@2x.png */; };
		00C3B68218F73660002D836A /* InstagramTableViewCell.m in Sources */ = {isa = PBXBuildFile; fileRef = 00C3B68118F73660002D836A /* InstagramTableViewCell.m */; };
		00C3B6A618F78F5B002D836A /* NSDateFormatter+STTwitter.m in Sources */ = {isa = PBXBuildFile; fileRef = 00C3B68A18F78F5B002D836A /* NSDateFormatter+STTwitter.m */; };
		00C3B6A718F78F5B002D836A /* NSError+STTwitter.m in Sources */ = {isa = PBXBuildFile; fileRef = 00C3B68C18F78F5B002D836A /* NSError+STTwitter.m */; };
		00C3B6A818F78F5B002D836A /* NSString+STTwitter.m in Sources */ = {isa = PBXBuildFile; fileRef = 00C3B68E18F78F5B002D836A /* NSString+STTwitter.m */; };
		00C3B6A918F78F5B002D836A /* STHTTPRequest+STTwitter.m in Sources */ = {isa = PBXBuildFile; fileRef = 00C3B69018F78F5B002D836A /* STHTTPRequest+STTwitter.m */; };
		00C3B6AA18F78F5B002D836A /* STTwitterAPI.m in Sources */ = {isa = PBXBuildFile; fileRef = 00C3B69318F78F5B002D836A /* STTwitterAPI.m */; };
		00C3B6AB18F78F5B002D836A /* STTwitterAppOnly.m in Sources */ = {isa = PBXBuildFile; fileRef = 00C3B69518F78F5B002D836A /* STTwitterAppOnly.m */; };
		00C3B6AC18F78F5B002D836A /* STTwitterHTML.m in Sources */ = {isa = PBXBuildFile; fileRef = 00C3B69718F78F5B002D836A /* STTwitterHTML.m */; };
		00C3B6AD18F78F5B002D836A /* STTwitterOAuth.m in Sources */ = {isa = PBXBuildFile; fileRef = 00C3B69918F78F5B002D836A /* STTwitterOAuth.m */; };
		00C3B6AE18F78F5B002D836A /* STTwitterOS.m in Sources */ = {isa = PBXBuildFile; fileRef = 00C3B69B18F78F5B002D836A /* STTwitterOS.m */; };
		00C3B6AF18F78F5B002D836A /* STTwitterOSRequest.m in Sources */ = {isa = PBXBuildFile; fileRef = 00C3B69D18F78F5B002D836A /* STTwitterOSRequest.m */; };
		00C3B6B018F78F5B002D836A /* BAVPlistNode.m in Sources */ = {isa = PBXBuildFile; fileRef = 00C3B6A118F78F5B002D836A /* BAVPlistNode.m */; };
		00C3B6B118F78F5B002D836A /* JSONSyntaxHighlight.m in Sources */ = {isa = PBXBuildFile; fileRef = 00C3B6A318F78F5B002D836A /* JSONSyntaxHighlight.m */; };
		00C3B6B218F78F5B002D836A /* STHTTPRequest.m in Sources */ = {isa = PBXBuildFile; fileRef = 00C3B6A518F78F5B002D836A /* STHTTPRequest.m */; };
		00C3B6B418F78F71002D836A /* Accounts.framework in Frameworks */ = {isa = PBXBuildFile; fileRef = 00C3B6B318F78F71002D836A /* Accounts.framework */; };
		00C3B6B618F78F81002D836A /* Twitter.framework in Frameworks */ = {isa = PBXBuildFile; fileRef = 00C3B6B518F78F81002D836A /* Twitter.framework */; };
		00C3B6B818F78F87002D836A /* Social.framework in Frameworks */ = {isa = PBXBuildFile; fileRef = 00C3B6B718F78F87002D836A /* Social.framework */; };
/* End PBXBuildFile section */

/* Begin PBXContainerItemProxy section */
		007941D118F62955008097A3 /* PBXContainerItemProxy */ = {
			isa = PBXContainerItemProxy;
			containerPortal = 007941A318F62955008097A3 /* Project object */;
			proxyType = 1;
			remoteGlobalIDString = 007941AA18F62955008097A3;
			remoteInfo = SocialMedia;
		};
/* End PBXContainerItemProxy section */

/* Begin PBXFileReference section */
		000C80A119022189003C01C9 /* TwitterTableViewCell.h */ = {isa = PBXFileReference; fileEncoding = 4; lastKnownFileType = sourcecode.c.h; path = TwitterTableViewCell.h; sourceTree = "<group>"; };
		000C80A219022189003C01C9 /* TwitterTableViewCell.m */ = {isa = PBXFileReference; fileEncoding = 4; lastKnownFileType = sourcecode.c.objc; path = TwitterTableViewCell.m; sourceTree = "<group>"; };
		000C80A619025D47003C01C9 /* SocialMediaTableViewCell.h */ = {isa = PBXFileReference; fileEncoding = 4; lastKnownFileType = sourcecode.c.h; path = SocialMediaTableViewCell.h; sourceTree = "<group>"; };
		000C80A719025D47003C01C9 /* SocialMediaTableViewCell.m */ = {isa = PBXFileReference; fileEncoding = 4; lastKnownFileType = sourcecode.c.objc; path = SocialMediaTableViewCell.m; sourceTree = "<group>"; };
		007941AB18F62955008097A3 /* SocialMedia.app */ = {isa = PBXFileReference; explicitFileType = wrapper.application; includeInIndex = 0; path = SocialMedia.app; sourceTree = BUILT_PRODUCTS_DIR; };
		007941AE18F62955008097A3 /* Foundation.framework */ = {isa = PBXFileReference; lastKnownFileType = wrapper.framework; name = Foundation.framework; path = System/Library/Frameworks/Foundation.framework; sourceTree = SDKROOT; };
		007941B018F62955008097A3 /* CoreGraphics.framework */ = {isa = PBXFileReference; lastKnownFileType = wrapper.framework; name = CoreGraphics.framework; path = System/Library/Frameworks/CoreGraphics.framework; sourceTree = SDKROOT; };
		007941B218F62955008097A3 /* UIKit.framework */ = {isa = PBXFileReference; lastKnownFileType = wrapper.framework; name = UIKit.framework; path = System/Library/Frameworks/UIKit.framework; sourceTree = SDKROOT; };
		007941B618F62955008097A3 /* SocialMedia-Info.plist */ = {isa = PBXFileReference; lastKnownFileType = text.plist.xml; path = "SocialMedia-Info.plist"; sourceTree = "<group>"; };
		007941B818F62955008097A3 /* en */ = {isa = PBXFileReference; lastKnownFileType = text.plist.strings; name = en; path = en.lproj/InfoPlist.strings; sourceTree = "<group>"; };
		007941BA18F62955008097A3 /* main.m */ = {isa = PBXFileReference; lastKnownFileType = sourcecode.c.objc; path = main.m; sourceTree = "<group>"; };
		007941BC18F62955008097A3 /* SocialMedia-Prefix.pch */ = {isa = PBXFileReference; lastKnownFileType = sourcecode.c.h; path = "SocialMedia-Prefix.pch"; sourceTree = "<group>"; };
		007941BD18F62955008097A3 /* AppDelegate.h */ = {isa = PBXFileReference; lastKnownFileType = sourcecode.c.h; path = AppDelegate.h; sourceTree = "<group>"; };
		007941BE18F62955008097A3 /* AppDelegate.m */ = {isa = PBXFileReference; lastKnownFileType = sourcecode.c.objc; path = AppDelegate.m; sourceTree = "<group>"; };
		007941C118F62955008097A3 /* Base */ = {isa = PBXFileReference; lastKnownFileType = file.storyboard; name = Base; path = Base.lproj/Main.storyboard; sourceTree = "<group>"; };
		007941C618F62955008097A3 /* Images.xcassets */ = {isa = PBXFileReference; lastKnownFileType = folder.assetcatalog; path = Images.xcassets; sourceTree = "<group>"; };
		007941CC18F62955008097A3 /* SocialMediaTests.xctest */ = {isa = PBXFileReference; explicitFileType = wrapper.cfbundle; includeInIndex = 0; path = SocialMediaTests.xctest; sourceTree = BUILT_PRODUCTS_DIR; };
		007941CD18F62955008097A3 /* XCTest.framework */ = {isa = PBXFileReference; lastKnownFileType = wrapper.framework; name = XCTest.framework; path = Library/Frameworks/XCTest.framework; sourceTree = DEVELOPER_DIR; };
		007941D518F62955008097A3 /* SocialMediaTests-Info.plist */ = {isa = PBXFileReference; lastKnownFileType = text.plist.xml; path = "SocialMediaTests-Info.plist"; sourceTree = "<group>"; };
		007941D718F62955008097A3 /* en */ = {isa = PBXFileReference; lastKnownFileType = text.plist.strings; name = en; path = en.lproj/InfoPlist.strings; sourceTree = "<group>"; };
		007941D918F62955008097A3 /* SocialMediaTests.m */ = {isa = PBXFileReference; lastKnownFileType = sourcecode.c.objc; path = SocialMediaTests.m; sourceTree = "<group>"; };
		007941E618F62F7D008097A3 /* SidebarViewController.h */ = {isa = PBXFileReference; fileEncoding = 4; lastKnownFileType = sourcecode.c.h; path = SidebarViewController.h; sourceTree = "<group>"; };
		007941E718F62F7D008097A3 /* SidebarViewController.m */ = {isa = PBXFileReference; fileEncoding = 4; lastKnownFileType = sourcecode.c.objc; path = SidebarViewController.m; sourceTree = "<group>"; };
		007941E918F632FF008097A3 /* SocialViewController.h */ = {isa = PBXFileReference; fileEncoding = 4; lastKnownFileType = sourcecode.c.h; path = SocialViewController.h; sourceTree = "<group>"; };
		007941EA18F632FF008097A3 /* SocialViewController.m */ = {isa = PBXFileReference; fileEncoding = 4; lastKnownFileType = sourcecode.c.objc; path = SocialViewController.m; sourceTree = "<group>"; };
		007941EC18F63504008097A3 /* SocialViewController.storyboard */ = {isa = PBXFileReference; fileEncoding = 4; lastKnownFileType = file.storyboard; path = SocialViewController.storyboard; sourceTree = "<group>"; };
		007941EE18F63B99008097A3 /* SidebarTableViewCell.h */ = {isa = PBXFileReference; fileEncoding = 4; lastKnownFileType = sourcecode.c.h; path = SidebarTableViewCell.h; sourceTree = "<group>"; };
		007941EF18F63B99008097A3 /* SidebarTableViewCell.m */ = {isa = PBXFileReference; fileEncoding = 4; lastKnownFileType = sourcecode.c.objc; path = SidebarTableViewCell.m; sourceTree = "<group>"; };
		00C3B67A18F64533002D836A /* Check.png */ = {isa = PBXFileReference; lastKnownFileType = image.png; path = Check.png; sourceTree = "<group>"; };
		00C3B67B18F64533002D836A /* Check@2x.png */ = {isa = PBXFileReference; lastKnownFileType = image.png; path = "Check@2x.png"; sourceTree = "<group>"; };
		00C3B68018F73660002D836A /* InstagramTableViewCell.h */ = {isa = PBXFileReference; fileEncoding = 4; lastKnownFileType = sourcecode.c.h; path = InstagramTableViewCell.h; sourceTree = "<group>"; };
		00C3B68118F73660002D836A /* InstagramTableViewCell.m */ = {isa = PBXFileReference; fileEncoding = 4; lastKnownFileType = sourcecode.c.objc; path = InstagramTableViewCell.m; sourceTree = "<group>"; };
		00C3B68918F78F5B002D836A /* NSDateFormatter+STTwitter.h */ = {isa = PBXFileReference; fileEncoding = 4; lastKnownFileType = sourcecode.c.h; path = "NSDateFormatter+STTwitter.h"; sourceTree = "<group>"; };
		00C3B68A18F78F5B002D836A /* NSDateFormatter+STTwitter.m */ = {isa = PBXFileReference; fileEncoding = 4; lastKnownFileType = sourcecode.c.objc; path = "NSDateFormatter+STTwitter.m"; sourceTree = "<group>"; };
		00C3B68B18F78F5B002D836A /* NSError+STTwitter.h */ = {isa = PBXFileReference; fileEncoding = 4; lastKnownFileType = sourcecode.c.h; path = "NSError+STTwitter.h"; sourceTree = "<group>"; };
		00C3B68C18F78F5B002D836A /* NSError+STTwitter.m */ = {isa = PBXFileReference; fileEncoding = 4; lastKnownFileType = sourcecode.c.objc; path = "NSError+STTwitter.m"; sourceTree = "<group>"; };
		00C3B68D18F78F5B002D836A /* NSString+STTwitter.h */ = {isa = PBXFileReference; fileEncoding = 4; lastKnownFileType = sourcecode.c.h; path = "NSString+STTwitter.h"; sourceTree = "<group>"; };
		00C3B68E18F78F5B002D836A /* NSString+STTwitter.m */ = {isa = PBXFileReference; fileEncoding = 4; lastKnownFileType = sourcecode.c.objc; path = "NSString+STTwitter.m"; sourceTree = "<group>"; };
		00C3B68F18F78F5B002D836A /* STHTTPRequest+STTwitter.h */ = {isa = PBXFileReference; fileEncoding = 4; lastKnownFileType = sourcecode.c.h; path = "STHTTPRequest+STTwitter.h"; sourceTree = "<group>"; };
		00C3B69018F78F5B002D836A /* STHTTPRequest+STTwitter.m */ = {isa = PBXFileReference; fileEncoding = 4; lastKnownFileType = sourcecode.c.objc; path = "STHTTPRequest+STTwitter.m"; sourceTree = "<group>"; };
		00C3B69118F78F5B002D836A /* STTwitter.h */ = {isa = PBXFileReference; fileEncoding = 4; lastKnownFileType = sourcecode.c.h; path = STTwitter.h; sourceTree = "<group>"; };
		00C3B69218F78F5B002D836A /* STTwitterAPI.h */ = {isa = PBXFileReference; fileEncoding = 4; lastKnownFileType = sourcecode.c.h; path = STTwitterAPI.h; sourceTree = "<group>"; };
		00C3B69318F78F5B002D836A /* STTwitterAPI.m */ = {isa = PBXFileReference; fileEncoding = 4; lastKnownFileType = sourcecode.c.objc; path = STTwitterAPI.m; sourceTree = "<group>"; };
		00C3B69418F78F5B002D836A /* STTwitterAppOnly.h */ = {isa = PBXFileReference; fileEncoding = 4; lastKnownFileType = sourcecode.c.h; path = STTwitterAppOnly.h; sourceTree = "<group>"; };
		00C3B69518F78F5B002D836A /* STTwitterAppOnly.m */ = {isa = PBXFileReference; fileEncoding = 4; lastKnownFileType = sourcecode.c.objc; path = STTwitterAppOnly.m; sourceTree = "<group>"; };
		00C3B69618F78F5B002D836A /* STTwitterHTML.h */ = {isa = PBXFileReference; fileEncoding = 4; lastKnownFileType = sourcecode.c.h; path = STTwitterHTML.h; sourceTree = "<group>"; };
		00C3B69718F78F5B002D836A /* STTwitterHTML.m */ = {isa = PBXFileReference; fileEncoding = 4; lastKnownFileType = sourcecode.c.objc; path = STTwitterHTML.m; sourceTree = "<group>"; };
		00C3B69818F78F5B002D836A /* STTwitterOAuth.h */ = {isa = PBXFileReference; fileEncoding = 4; lastKnownFileType = sourcecode.c.h; path = STTwitterOAuth.h; sourceTree = "<group>"; };
		00C3B69918F78F5B002D836A /* STTwitterOAuth.m */ = {isa = PBXFileReference; fileEncoding = 4; lastKnownFileType = sourcecode.c.objc; path = STTwitterOAuth.m; sourceTree = "<group>"; };
		00C3B69A18F78F5B002D836A /* STTwitterOS.h */ = {isa = PBXFileReference; fileEncoding = 4; lastKnownFileType = sourcecode.c.h; path = STTwitterOS.h; sourceTree = "<group>"; };
		00C3B69B18F78F5B002D836A /* STTwitterOS.m */ = {isa = PBXFileReference; fileEncoding = 4; lastKnownFileType = sourcecode.c.objc; path = STTwitterOS.m; sourceTree = "<group>"; };
		00C3B69C18F78F5B002D836A /* STTwitterOSRequest.h */ = {isa = PBXFileReference; fileEncoding = 4; lastKnownFileType = sourcecode.c.h; path = STTwitterOSRequest.h; sourceTree = "<group>"; };
		00C3B69D18F78F5B002D836A /* STTwitterOSRequest.m */ = {isa = PBXFileReference; fileEncoding = 4; lastKnownFileType = sourcecode.c.objc; path = STTwitterOSRequest.m; sourceTree = "<group>"; };
		00C3B69E18F78F5B002D836A /* STTwitterProtocol.h */ = {isa = PBXFileReference; fileEncoding = 4; lastKnownFileType = sourcecode.c.h; path = STTwitterProtocol.h; sourceTree = "<group>"; };
		00C3B6A018F78F5B002D836A /* BAVPlistNode.h */ = {isa = PBXFileReference; fileEncoding = 4; lastKnownFileType = sourcecode.c.h; path = BAVPlistNode.h; sourceTree = "<group>"; };
		00C3B6A118F78F5B002D836A /* BAVPlistNode.m */ = {isa = PBXFileReference; fileEncoding = 4; lastKnownFileType = sourcecode.c.objc; path = BAVPlistNode.m; sourceTree = "<group>"; };
		00C3B6A218F78F5B002D836A /* JSONSyntaxHighlight.h */ = {isa = PBXFileReference; fileEncoding = 4; lastKnownFileType = sourcecode.c.h; path = JSONSyntaxHighlight.h; sourceTree = "<group>"; };
		00C3B6A318F78F5B002D836A /* JSONSyntaxHighlight.m */ = {isa = PBXFileReference; fileEncoding = 4; lastKnownFileType = sourcecode.c.objc; path = JSONSyntaxHighlight.m; sourceTree = "<group>"; };
		00C3B6A418F78F5B002D836A /* STHTTPRequest.h */ = {isa = PBXFileReference; fileEncoding = 4; lastKnownFileType = sourcecode.c.h; path = STHTTPRequest.h; sourceTree = "<group>"; };
		00C3B6A518F78F5B002D836A /* STHTTPRequest.m */ = {isa = PBXFileReference; fileEncoding = 4; lastKnownFileType = sourcecode.c.objc; path = STHTTPRequest.m; sourceTree = "<group>"; };
		00C3B6B318F78F71002D836A /* Accounts.framework */ = {isa = PBXFileReference; lastKnownFileType = wrapper.framework; name = Accounts.framework; path = System/Library/Frameworks/Accounts.framework; sourceTree = SDKROOT; };
		00C3B6B518F78F81002D836A /* Twitter.framework */ = {isa = PBXFileReference; lastKnownFileType = wrapper.framework; name = Twitter.framework; path = System/Library/Frameworks/Twitter.framework; sourceTree = SDKROOT; };
		00C3B6B718F78F87002D836A /* Social.framework */ = {isa = PBXFileReference; lastKnownFileType = wrapper.framework; name = Social.framework; path = System/Library/Frameworks/Social.framework; sourceTree = SDKROOT; };
/* End PBXFileReference section */

/* Begin PBXFrameworksBuildPhase section */
		007941A818F62955008097A3 /* Frameworks */ = {
			isa = PBXFrameworksBuildPhase;
			buildActionMask = 2147483647;
			files = (
				00C3B6B818F78F87002D836A /* Social.framework in Frameworks */,
				00C3B6B618F78F81002D836A /* Twitter.framework in Frameworks */,
				00C3B6B418F78F71002D836A /* Accounts.framework in Frameworks */,
				007941B118F62955008097A3 /* CoreGraphics.framework in Frameworks */,
				007941B318F62955008097A3 /* UIKit.framework in Frameworks */,
				007941AF18F62955008097A3 /* Foundation.framework in Frameworks */,
			);
			runOnlyForDeploymentPostprocessing = 0;
		};
		007941C918F62955008097A3 /* Frameworks */ = {
			isa = PBXFrameworksBuildPhase;
			buildActionMask = 2147483647;
			files = (
				007941CE18F62955008097A3 /* XCTest.framework in Frameworks */,
				007941D018F62955008097A3 /* UIKit.framework in Frameworks */,
				007941CF18F62955008097A3 /* Foundation.framework in Frameworks */,
			);
			runOnlyForDeploymentPostprocessing = 0;
		};
/* End PBXFrameworksBuildPhase section */

/* Begin PBXGroup section */
		007941A218F62955008097A3 = {
			isa = PBXGroup;
			children = (
				007941B418F62955008097A3 /* SocialMedia */,
				007941D318F62955008097A3 /* SocialMediaTests */,
				007941AD18F62955008097A3 /* Frameworks */,
				007941AC18F62955008097A3 /* Products */,
			);
			sourceTree = "<group>";
		};
		007941AC18F62955008097A3 /* Products */ = {
			isa = PBXGroup;
			children = (
				007941AB18F62955008097A3 /* SocialMedia.app */,
				007941CC18F62955008097A3 /* SocialMediaTests.xctest */,
			);
			name = Products;
			sourceTree = "<group>";
		};
		007941AD18F62955008097A3 /* Frameworks */ = {
			isa = PBXGroup;
			children = (
				00C3B6B718F78F87002D836A /* Social.framework */,
				00C3B6B518F78F81002D836A /* Twitter.framework */,
				00C3B6B318F78F71002D836A /* Accounts.framework */,
				007941AE18F62955008097A3 /* Foundation.framework */,
				007941B018F62955008097A3 /* CoreGraphics.framework */,
				007941B218F62955008097A3 /* UIKit.framework */,
				007941CD18F62955008097A3 /* XCTest.framework */,
			);
			name = Frameworks;
			sourceTree = "<group>";
		};
		007941B418F62955008097A3 /* SocialMedia */ = {
			isa = PBXGroup;
			children = (
				007941BD18F62955008097A3 /* AppDelegate.h */,
				007941BE18F62955008097A3 /* AppDelegate.m */,
				007941C018F62955008097A3 /* Main.storyboard */,
				007941E618F62F7D008097A3 /* SidebarViewController.h */,
				007941E718F62F7D008097A3 /* SidebarViewController.m */,
				007941EE18F63B99008097A3 /* SidebarTableViewCell.h */,
				007941EF18F63B99008097A3 /* SidebarTableViewCell.m */,
				007941E918F632FF008097A3 /* SocialViewController.h */,
				007941EA18F632FF008097A3 /* SocialViewController.m */,
				007941EC18F63504008097A3 /* SocialViewController.storyboard */,
				00C3B67F18F73649002D836A /* SocialMediaCells */,
				007941C618F62955008097A3 /* Images.xcassets */,
				007941B518F62955008097A3 /* Supporting Files */,
			);
			path = SocialMedia;
			sourceTree = "<group>";
		};
		007941B518F62955008097A3 /* Supporting Files */ = {
			isa = PBXGroup;
			children = (
				00C3B68818F78F5B002D836A /* STTwitter */,
				00C3B67A18F64533002D836A /* Check.png */,
				00C3B67B18F64533002D836A /* Check@2x.png */,
				007941B618F62955008097A3 /* SocialMedia-Info.plist */,
				007941B718F62955008097A3 /* InfoPlist.strings */,
				007941BA18F62955008097A3 /* main.m */,
				007941BC18F62955008097A3 /* SocialMedia-Prefix.pch */,
			);
			name = "Supporting Files";
			sourceTree = "<group>";
		};
		007941D318F62955008097A3 /* SocialMediaTests */ = {
			isa = PBXGroup;
			children = (
				007941D918F62955008097A3 /* SocialMediaTests.m */,
				007941D418F62955008097A3 /* Supporting Files */,
			);
			path = SocialMediaTests;
			sourceTree = "<group>";
		};
		007941D418F62955008097A3 /* Supporting Files */ = {
			isa = PBXGroup;
			children = (
				007941D518F62955008097A3 /* SocialMediaTests-Info.plist */,
				007941D618F62955008097A3 /* InfoPlist.strings */,
			);
			name = "Supporting Files";
			sourceTree = "<group>";
		};
		00C3B67F18F73649002D836A /* SocialMediaCells */ = {
			isa = PBXGroup;
			children = (
				000C80A619025D47003C01C9 /* SocialMediaTableViewCell.h */,
				000C80A719025D47003C01C9 /* SocialMediaTableViewCell.m */,
				00C3B68018F73660002D836A /* InstagramTableViewCell.h */,
				00C3B68118F73660002D836A /* InstagramTableViewCell.m */,
				000C80A119022189003C01C9 /* TwitterTableViewCell.h */,
				000C80A219022189003C01C9 /* TwitterTableViewCell.m */,
			);
			name = SocialMediaCells;
			sourceTree = "<group>";
		};
		00C3B68818F78F5B002D836A /* STTwitter */ = {
			isa = PBXGroup;
			children = (
				00C3B68918F78F5B002D836A /* NSDateFormatter+STTwitter.h */,
				00C3B68A18F78F5B002D836A /* NSDateFormatter+STTwitter.m */,
				00C3B68B18F78F5B002D836A /* NSError+STTwitter.h */,
				00C3B68C18F78F5B002D836A /* NSError+STTwitter.m */,
				00C3B68D18F78F5B002D836A /* NSString+STTwitter.h */,
				00C3B68E18F78F5B002D836A /* NSString+STTwitter.m */,
				00C3B68F18F78F5B002D836A /* STHTTPRequest+STTwitter.h */,
				00C3B69018F78F5B002D836A /* STHTTPRequest+STTwitter.m */,
				00C3B69118F78F5B002D836A /* STTwitter.h */,
				00C3B69218F78F5B002D836A /* STTwitterAPI.h */,
				00C3B69318F78F5B002D836A /* STTwitterAPI.m */,
				00C3B69418F78F5B002D836A /* STTwitterAppOnly.h */,
				00C3B69518F78F5B002D836A /* STTwitterAppOnly.m */,
				00C3B69618F78F5B002D836A /* STTwitterHTML.h */,
				00C3B69718F78F5B002D836A /* STTwitterHTML.m */,
				00C3B69818F78F5B002D836A /* STTwitterOAuth.h */,
				00C3B69918F78F5B002D836A /* STTwitterOAuth.m */,
				00C3B69A18F78F5B002D836A /* STTwitterOS.h */,
				00C3B69B18F78F5B002D836A /* STTwitterOS.m */,
				00C3B69C18F78F5B002D836A /* STTwitterOSRequest.h */,
				00C3B69D18F78F5B002D836A /* STTwitterOSRequest.m */,
				00C3B69E18F78F5B002D836A /* STTwitterProtocol.h */,
				00C3B69F18F78F5B002D836A /* Vendor */,
			);
			path = STTwitter;
			sourceTree = "<group>";
		};
		00C3B69F18F78F5B002D836A /* Vendor */ = {
			isa = PBXGroup;
			children = (
				00C3B6A018F78F5B002D836A /* BAVPlistNode.h */,
				00C3B6A118F78F5B002D836A /* BAVPlistNode.m */,
				00C3B6A218F78F5B002D836A /* JSONSyntaxHighlight.h */,
				00C3B6A318F78F5B002D836A /* JSONSyntaxHighlight.m */,
				00C3B6A418F78F5B002D836A /* STHTTPRequest.h */,
				00C3B6A518F78F5B002D836A /* STHTTPRequest.m */,
			);
			path = Vendor;
			sourceTree = "<group>";
		};
/* End PBXGroup section */

/* Begin PBXNativeTarget section */
		007941AA18F62955008097A3 /* SocialMedia */ = {
			isa = PBXNativeTarget;
			buildConfigurationList = 007941DD18F62955008097A3 /* Build configuration list for PBXNativeTarget "SocialMedia" */;
			buildPhases = (
				007941A718F62955008097A3 /* Sources */,
				007941A818F62955008097A3 /* Frameworks */,
				007941A918F62955008097A3 /* Resources */,
			);
			buildRules = (
			);
			dependencies = (
			);
			name = SocialMedia;
			productName = SocialMedia;
			productReference = 007941AB18F62955008097A3 /* SocialMedia.app */;
			productType = "com.apple.product-type.application";
		};
		007941CB18F62955008097A3 /* SocialMediaTests */ = {
			isa = PBXNativeTarget;
			buildConfigurationList = 007941E018F62955008097A3 /* Build configuration list for PBXNativeTarget "SocialMediaTests" */;
			buildPhases = (
				007941C818F62955008097A3 /* Sources */,
				007941C918F62955008097A3 /* Frameworks */,
				007941CA18F62955008097A3 /* Resources */,
			);
			buildRules = (
			);
			dependencies = (
				007941D218F62955008097A3 /* PBXTargetDependency */,
			);
			name = SocialMediaTests;
			productName = SocialMediaTests;
			productReference = 007941CC18F62955008097A3 /* SocialMediaTests.xctest */;
			productType = "com.apple.product-type.bundle.unit-test";
		};
/* End PBXNativeTarget section */

/* Begin PBXProject section */
		007941A318F62955008097A3 /* Project object */ = {
			isa = PBXProject;
			attributes = {
				LastUpgradeCheck = 0510;
				ORGANIZATIONNAME = "Terence Bezman";
				TargetAttributes = {
					007941CB18F62955008097A3 = {
						TestTargetID = 007941AA18F62955008097A3;
					};
				};
			};
			buildConfigurationList = 007941A618F62955008097A3 /* Build configuration list for PBXProject "SocialMedia" */;
			compatibilityVersion = "Xcode 3.2";
			developmentRegion = English;
			hasScannedForEncodings = 0;
			knownRegions = (
				en,
				Base,
			);
			mainGroup = 007941A218F62955008097A3;
			productRefGroup = 007941AC18F62955008097A3 /* Products */;
			projectDirPath = "";
			projectRoot = "";
			targets = (
				007941AA18F62955008097A3 /* SocialMedia */,
				007941CB18F62955008097A3 /* SocialMediaTests */,
			);
		};
/* End PBXProject section */

/* Begin PBXResourcesBuildPhase section */
		007941A918F62955008097A3 /* Resources */ = {
			isa = PBXResourcesBuildPhase;
			buildActionMask = 2147483647;
			files = (
				007941ED18F63504008097A3 /* SocialViewController.storyboard in Resources */,
				007941C718F62955008097A3 /* Images.xcassets in Resources */,
				007941B918F62955008097A3 /* InfoPlist.strings in Resources */,
				00C3B67C18F64533002D836A /* Check.png in Resources */,
				007941C218F62955008097A3 /* Main.storyboard in Resources */,
				00C3B67D18F64533002D836A /* Check@2x.png in Resources */,
			);
			runOnlyForDeploymentPostprocessing = 0;
		};
		007941CA18F62955008097A3 /* Resources */ = {
			isa = PBXResourcesBuildPhase;
			buildActionMask = 2147483647;
			files = (
				007941D818F62955008097A3 /* InfoPlist.strings in Resources */,
			);
			runOnlyForDeploymentPostprocessing = 0;
		};
/* End PBXResourcesBuildPhase section */

/* Begin PBXSourcesBuildPhase section */
		007941A718F62955008097A3 /* Sources */ = {
			isa = PBXSourcesBuildPhase;
			buildActionMask = 2147483647;
			files = (
				00C3B6AD18F78F5B002D836A /* STTwitterOAuth.m in Sources */,
				00C3B6AA18F78F5B002D836A /* STTwitterAPI.m in Sources */,
				00C3B6A818F78F5B002D836A /* NSString+STTwitter.m in Sources */,
				00C3B6AE18F78F5B002D836A /* STTwitterOS.m in Sources */,
				00C3B6AF18F78F5B002D836A /* STTwitterOSRequest.m in Sources */,
				00C3B6B118F78F5B002D836A /* JSONSyntaxHighlight.m in Sources */,
				007941E818F62F7D008097A3 /* SidebarViewController.m in Sources */,
				007941F018F63B99008097A3 /* SidebarTableViewCell.m in Sources */,
				00C3B6B218F78F5B002D836A /* STHTTPRequest.m in Sources */,
				007941BF18F62955008097A3 /* AppDelegate.m in Sources */,
				00C3B6B018F78F5B002D836A /* BAVPlistNode.m in Sources */,
				000C80A419022189003C01C9 /* TwitterTableViewCell.m in Sources */,
				00C3B6A618F78F5B002D836A /* NSDateFormatter+STTwitter.m in Sources */,
				007941BB18F62955008097A3 /* main.m in Sources */,
				00C3B68218F73660002D836A /* InstagramTableViewCell.m in Sources */,
				00C3B6A718F78F5B002D836A /* NSError+STTwitter.m in Sources */,
				00C3B6AC18F78F5B002D836A /* STTwitterHTML.m in Sources */,
				007941EB18F632FF008097A3 /* SocialViewController.m in Sources */,
				00C3B6AB18F78F5B002D836A /* STTwitterAppOnly.m in Sources */,
				000C80A819025D47003C01C9 /* SocialMediaTableViewCell.m in Sources */,
				00C3B6A918F78F5B002D836A /* STHTTPRequest+STTwitter.m in Sources */,
			);
			runOnlyForDeploymentPostprocessing = 0;
		};
		007941C818F62955008097A3 /* Sources */ = {
			isa = PBXSourcesBuildPhase;
			buildActionMask = 2147483647;
			files = (
				007941DA18F62955008097A3 /* SocialMediaTests.m in Sources */,
			);
			runOnlyForDeploymentPostprocessing = 0;
		};
/* End PBXSourcesBuildPhase section */

/* Begin PBXTargetDependency section */
		007941D218F62955008097A3 /* PBXTargetDependency */ = {
			isa = PBXTargetDependency;
			target = 007941AA18F62955008097A3 /* SocialMedia */;
			targetProxy = 007941D118F62955008097A3 /* PBXContainerItemProxy */;
		};
/* End PBXTargetDependency section */

/* Begin PBXVariantGroup section */
		007941B718F62955008097A3 /* InfoPlist.strings */ = {
			isa = PBXVariantGroup;
			children = (
				007941B818F62955008097A3 /* en */,
			);
			name = InfoPlist.strings;
			sourceTree = "<group>";
		};
		007941C018F62955008097A3 /* Main.storyboard */ = {
			isa = PBXVariantGroup;
			children = (
				007941C118F62955008097A3 /* Base */,
			);
			name = Main.storyboard;
			sourceTree = "<group>";
		};
		007941D618F62955008097A3 /* InfoPlist.strings */ = {
			isa = PBXVariantGroup;
			children = (
				007941D718F62955008097A3 /* en */,
			);
			name = InfoPlist.strings;
			sourceTree = "<group>";
		};
/* End PBXVariantGroup section */

/* Begin XCBuildConfiguration section */
		007941DB18F62955008097A3 /* Debug */ = {
			isa = XCBuildConfiguration;
			buildSettings = {
				ALWAYS_SEARCH_USER_PATHS = NO;
				CLANG_CXX_LANGUAGE_STANDARD = "gnu++0x";
				CLANG_CXX_LIBRARY = "libc++";
				CLANG_ENABLE_MODULES = YES;
				CLANG_ENABLE_OBJC_ARC = YES;
				CLANG_WARN_BOOL_CONVERSION = YES;
				CLANG_WARN_CONSTANT_CONVERSION = YES;
				CLANG_WARN_DIRECT_OBJC_ISA_USAGE = YES_ERROR;
				CLANG_WARN_EMPTY_BODY = YES;
				CLANG_WARN_ENUM_CONVERSION = YES;
				CLANG_WARN_INT_CONVERSION = YES;
				CLANG_WARN_OBJC_ROOT_CLASS = YES_ERROR;
				CLANG_WARN__DUPLICATE_METHOD_MATCH = YES;
				"CODE_SIGN_IDENTITY[sdk=iphoneos*]" = "iPhone Developer";
				COPY_PHASE_STRIP = NO;
				GCC_C_LANGUAGE_STANDARD = gnu99;
				GCC_DYNAMIC_NO_PIC = NO;
				GCC_OPTIMIZATION_LEVEL = 0;
				GCC_PREPROCESSOR_DEFINITIONS = (
					"DEBUG=1",
					"$(inherited)",
				);
				GCC_SYMBOLS_PRIVATE_EXTERN = NO;
				GCC_WARN_64_TO_32_BIT_CONVERSION = YES;
				GCC_WARN_ABOUT_RETURN_TYPE = YES_ERROR;
				GCC_WARN_UNDECLARED_SELECTOR = YES;
				GCC_WARN_UNINITIALIZED_AUTOS = YES_AGGRESSIVE;
				GCC_WARN_UNUSED_FUNCTION = YES;
				GCC_WARN_UNUSED_VARIABLE = YES;
				IPHONEOS_DEPLOYMENT_TARGET = 7.1;
				ONLY_ACTIVE_ARCH = YES;
				SDKROOT = iphoneos;
			};
			name = Debug;
		};
		007941DC18F62955008097A3 /* Release */ = {
			isa = XCBuildConfiguration;
			buildSettings = {
				ALWAYS_SEARCH_USER_PATHS = NO;
				CLANG_CXX_LANGUAGE_STANDARD = "gnu++0x";
				CLANG_CXX_LIBRARY = "libc++";
				CLANG_ENABLE_MODULES = YES;
				CLANG_ENABLE_OBJC_ARC = YES;
				CLANG_WARN_BOOL_CONVERSION = YES;
				CLANG_WARN_CONSTANT_CONVERSION = YES;
				CLANG_WARN_DIRECT_OBJC_ISA_USAGE = YES_ERROR;
				CLANG_WARN_EMPTY_BODY = YES;
				CLANG_WARN_ENUM_CONVERSION = YES;
				CLANG_WARN_INT_CONVERSION = YES;
				CLANG_WARN_OBJC_ROOT_CLASS = YES_ERROR;
				CLANG_WARN__DUPLICATE_METHOD_MATCH = YES;
				"CODE_SIGN_IDENTITY[sdk=iphoneos*]" = "iPhone Developer";
				COPY_PHASE_STRIP = YES;
				ENABLE_NS_ASSERTIONS = NO;
				GCC_C_LANGUAGE_STANDARD = gnu99;
				GCC_WARN_64_TO_32_BIT_CONVERSION = YES;
				GCC_WARN_ABOUT_RETURN_TYPE = YES_ERROR;
				GCC_WARN_UNDECLARED_SELECTOR = YES;
				GCC_WARN_UNINITIALIZED_AUTOS = YES_AGGRESSIVE;
				GCC_WARN_UNUSED_FUNCTION = YES;
				GCC_WARN_UNUSED_VARIABLE = YES;
				IPHONEOS_DEPLOYMENT_TARGET = 7.1;
				SDKROOT = iphoneos;
				VALIDATE_PRODUCT = YES;
			};
			name = Release;
		};
		007941DE18F62955008097A3 /* Debug */ = {
			isa = XCBuildConfiguration;
			buildSettings = {
				ASSETCATALOG_COMPILER_APPICON_NAME = AppIcon;
				ASSETCATALOG_COMPILER_LAUNCHIMAGE_NAME = LaunchImage;
				GCC_PRECOMPILE_PREFIX_HEADER = YES;
				GCC_PREFIX_HEADER = "SocialMedia/SocialMedia-Prefix.pch";
				INFOPLIST_FILE = "SocialMedia/SocialMedia-Info.plist";
				PRODUCT_NAME = "$(TARGET_NAME)";
				WRAPPER_EXTENSION = app;
			};
			name = Debug;
		};
		007941DF18F62955008097A3 /* Release */ = {
			isa = XCBuildConfiguration;
			buildSettings = {
				ASSETCATALOG_COMPILER_APPICON_NAME = AppIcon;
				ASSETCATALOG_COMPILER_LAUNCHIMAGE_NAME = LaunchImage;
				GCC_PRECOMPILE_PREFIX_HEADER = YES;
				GCC_PREFIX_HEADER = "SocialMedia/SocialMedia-Prefix.pch";
				INFOPLIST_FILE = "SocialMedia/SocialMedia-Info.plist";
				PRODUCT_NAME = "$(TARGET_NAME)";
				WRAPPER_EXTENSION = app;
			};
			name = Release;
		};
		007941E118F62955008097A3 /* Debug */ = {
			isa = XCBuildConfiguration;
			buildSettings = {
				BUNDLE_LOADER = "$(BUILT_PRODUCTS_DIR)/SocialMedia.app/SocialMedia";
				FRAMEWORK_SEARCH_PATHS = (
					"$(SDKROOT)/Developer/Library/Frameworks",
					"$(inherited)",
					"$(DEVELOPER_FRAMEWORKS_DIR)",
				);
				GCC_PRECOMPILE_PREFIX_HEADER = YES;
				GCC_PREFIX_HEADER = "SocialMedia/SocialMedia-Prefix.pch";
				GCC_PREPROCESSOR_DEFINITIONS = (
					"DEBUG=1",
					"$(inherited)",
				);
				INFOPLIST_FILE = "SocialMediaTests/SocialMediaTests-Info.plist";
				PRODUCT_NAME = "$(TARGET_NAME)";
				TEST_HOST = "$(BUNDLE_LOADER)";
				WRAPPER_EXTENSION = xctest;
			};
			name = Debug;
		};
		007941E218F62955008097A3 /* Release */ = {
			isa = XCBuildConfiguration;
			buildSettings = {
				BUNDLE_LOADER = "$(BUILT_PRODUCTS_DIR)/SocialMedia.app/SocialMedia";
				FRAMEWORK_SEARCH_PATHS = (
					"$(SDKROOT)/Developer/Library/Frameworks",
					"$(inherited)",
					"$(DEVELOPER_FRAMEWORKS_DIR)",
				);
				GCC_PRECOMPILE_PREFIX_HEADER = YES;
				GCC_PREFIX_HEADER = "SocialMedia/SocialMedia-Prefix.pch";
				INFOPLIST_FILE = "SocialMediaTests/SocialMediaTests-Info.plist";
				PRODUCT_NAME = "$(TARGET_NAME)";
				TEST_HOST = "$(BUNDLE_LOADER)";
				WRAPPER_EXTENSION = xctest;
			};
			name = Release;
		};
/* End XCBuildConfiguration section */

/* Begin XCConfigurationList section */
		007941A618F62955008097A3 /* Build configuration list for PBXProject "SocialMedia" */ = {
			isa = XCConfigurationList;
			buildConfigurations = (
				007941DB18F62955008097A3 /* Debug */,
				007941DC18F62955008097A3 /* Release */,
			);
			defaultConfigurationIsVisible = 0;
			defaultConfigurationName = Release;
		};
		007941DD18F62955008097A3 /* Build configuration list for PBXNativeTarget "SocialMedia" */ = {
			isa = XCConfigurationList;
			buildConfigurations = (
				007941DE18F62955008097A3 /* Debug */,
				007941DF18F62955008097A3 /* Release */,
			);
			defaultConfigurationIsVisible = 0;
			defaultConfigurationName = Release;
		};
		007941E018F62955008097A3 /* Build configuration list for PBXNativeTarget "SocialMediaTests" */ = {
			isa = XCConfigurationList;
			buildConfigurations = (
				007941E118F62955008097A3 /* Debug */,
				007941E218F62955008097A3 /* Release */,
			);
			defaultConfigurationIsVisible = 0;
			defaultConfigurationName = Release;
		};
/* End XCConfigurationList section */
	};
	rootObject = 007941A318F62955008097A3 /* Project object */;
}
