// !$*UTF8*$!
{
	archiveVersion = 1;
	classes = {
	};
	objectVersion = 46;
	objects = {

/* Begin PBXBuildFile section */
		007941AF18F62955008097A3 /* Foundation.framework in Frameworks */ = {isa = PBXBuildFile; fileRef = 007941AE18F62955008097A3 /* Foundation.framework */; };
		007941B118F62955008097A3 /* CoreGraphics.framework in Frameworks */ = {isa = PBXBuildFile; fileRef = 007941B018F62955008097A3 /* CoreGraphics.framework */; };
		007941B318F62955008097A3 /* UIKit.framework in Frameworks */ = {isa = PBXBuildFile; fileRef = 007941B218F62955008097A3 /* UIKit.framework */; };
		007941B918F62955008097A3 /* InfoPlist.strings in Resources */ = {isa = PBXBuildFile; fileRef = 007941B718F62955008097A3 /* InfoPlist.strings */; };
		007941BB18F62955008097A3 /* main.m in Sources */ = {isa = PBXBuildFile; fileRef = 007941BA18F62955008097A3 /* main.m */; };
		007941BF18F62955008097A3 /* AppDelegate.m in Sources */ = {isa = PBXBuildFile; fileRef = 007941BE18F62955008097A3 /* AppDelegate.m */; };
		007941C218F62955008097A3 /* Main.storyboard in Resources */ = {isa = PBXBuildFile; fileRef = 007941C018F62955008097A3 /* Main.storyboard */; };
		007941C518F62955008097A3 /* ViewController.m in Sources */ = {isa = PBXBuildFile; fileRef = 007941C418F62955008097A3 /* ViewController.m */; };
		007941C718F62955008097A3 /* Images.xcassets in Resources */ = {isa = PBXBuildFile; fileRef = 007941C618F62955008097A3 /* Images.xcassets */; };
		007941CE18F62955008097A3 /* XCTest.framework in Frameworks */ = {isa = PBXBuildFile; fileRef = 007941CD18F62955008097A3 /* XCTest.framework */; };
		007941CF18F62955008097A3 /* Foundation.framework in Frameworks */ = {isa = PBXBuildFile; fileRef = 007941AE18F62955008097A3 /* Foundation.framework */; };
		007941D018F62955008097A3 /* UIKit.framework in Frameworks */ = {isa = PBXBuildFile; fileRef = 007941B218F62955008097A3 /* UIKit.framework */; };
		007941D818F62955008097A3 /* InfoPlist.strings in Resources */ = {isa = PBXBuildFile; fileRef = 007941D618F62955008097A3 /* InfoPlist.strings */; };
		007941DA18F62955008097A3 /* SocialMediaTests.m in Sources */ = {isa = PBXBuildFile; fileRef = 007941D918F62955008097A3 /* SocialMediaTests.m */; };
/* End PBXBuildFile section */

/* Begin PBXContainerItemProxy section */
		007941D118F62955008097A3 /* PBXContainerItemProxy */ = {
			isa = PBXContainerItemProxy;
			containerPortal = 007941A318F62955008097A3 /* Project object */;
			proxyType = 1;
			remoteGlobalIDString = 007941AA18F62955008097A3;
			remoteInfo = SocialMedia;
		};
/* End PBXContainerItemProxy section */

/* Begin PBXFileReference section */
		007941AB18F62955008097A3 /* SocialMedia.app */ = {isa = PBXFileReference; explicitFileType = wrapper.application; includeInIndex = 0; path = SocialMedia.app; sourceTree = BUILT_PRODUCTS_DIR; };
		007941AE18F62955008097A3 /* Foundation.framework */ = {isa = PBXFileReference; lastKnownFileType = wrapper.framework; name = Foundation.framework; path = System/Library/Frameworks/Foundation.framework; sourceTree = SDKROOT; };
		007941B018F62955008097A3 /* CoreGraphics.framework */ = {isa = PBXFileReference; lastKnownFileType = wrapper.framework; name = CoreGraphics.framework; path = System/Library/Frameworks/CoreGraphics.framework; sourceTree = SDKROOT; };
		007941B218F62955008097A3 /* UIKit.framework */ = {isa = PBXFileReference; lastKnownFileType = wrapper.framework; name = UIKit.framework; path = System/Library/Frameworks/UIKit.framework; sourceTree = SDKROOT; };
		007941B618F62955008097A3 /* SocialMedia-Info.plist */ = {isa = PBXFileReference; lastKnownFileType = text.plist.xml; path = "SocialMedia-Info.plist"; sourceTree = "<group>"; };
		007941B818F62955008097A3 /* en */ = {isa = PBXFileReference; lastKnownFileType = text.plist.strings; name = en; path = en.lproj/InfoPlist.strings; sourceTree = "<group>"; };
		007941BA18F62955008097A3 /* main.m */ = {isa = PBXFileReference; lastKnownFileType = sourcecode.c.objc; path = main.m; sourceTree = "<group>"; };
		007941BC18F62955008097A3 /* SocialMedia-Prefix.pch */ = {isa = PBXFileReference; lastKnownFileType = sourcecode.c.h; path = "SocialMedia-Prefix.pch"; sourceTree = "<group>"; };
		007941BD18F62955008097A3 /* AppDelegate.h */ = {isa = PBXFileReference; lastKnownFileType = sourcecode.c.h; path = AppDelegate.h; sourceTree = "<group>"; };
		007941BE18F62955008097A3 /* AppDelegate.m */ = {isa = PBXFileReference; lastKnownFileType = sourcecode.c.objc; path = AppDelegate.m; sourceTree = "<group>"; };
		007941C118F62955008097A3 /* Base */ = {isa = PBXFileReference; lastKnownFileType = file.storyboard; name = Base; path = Base.lproj/Main.storyboard; sourceTree = "<group>"; };
		007941C318F62955008097A3 /* ViewController.h */ = {isa = PBXFileReference; lastKnownFileType = sourcecode.c.h; path = ViewController.h; sourceTree = "<group>"; };
		007941C418F62955008097A3 /* ViewController.m */ = {isa = PBXFileReference; lastKnownFileType = sourcecode.c.objc; path = ViewController.m; sourceTree = "<group>"; };
		007941C618F62955008097A3 /* Images.xcassets */ = {isa = PBXFileReference; lastKnownFileType = folder.assetcatalog; path = Images.xcassets; sourceTree = "<group>"; };
		007941CC18F62955008097A3 /* SocialMediaTests.xctest */ = {isa = PBXFileReference; explicitFileType = wrapper.cfbundle; includeInIndex = 0; path = SocialMediaTests.xctest; sourceTree = BUILT_PRODUCTS_DIR; };
		007941CD18F62955008097A3 /* XCTest.framework */ = {isa = PBXFileReference; lastKnownFileType = wrapper.framework; name = XCTest.framework; path = Library/Frameworks/XCTest.framework; sourceTree = DEVELOPER_DIR; };
		007941D518F62955008097A3 /* SocialMediaTests-Info.plist */ = {isa = PBXFileReference; lastKnownFileType = text.plist.xml; path = "SocialMediaTests-Info.plist"; sourceTree = "<group>"; };
		007941D718F62955008097A3 /* en */ = {isa = PBXFileReference; lastKnownFileType = text.plist.strings; name = en; path = en.lproj/InfoPlist.strings; sourceTree = "<group>"; };
		007941D918F62955008097A3 /* SocialMediaTests.m */ = {isa = PBXFileReference; lastKnownFileType = sourcecode.c.objc; path = SocialMediaTests.m; sourceTree = "<group>"; };
/* End PBXFileReference section */

/* Begin PBXFrameworksBuildPhase section */
		007941A818F62955008097A3 /* Frameworks */ = {
			isa = PBXFrameworksBuildPhase;
			buildActionMask = 2147483647;
			files = (
				007941B118F62955008097A3 /* CoreGraphics.framework in Frameworks */,
				007941B318F62955008097A3 /* UIKit.framework in Frameworks */,
				007941AF18F62955008097A3 /* Foundation.framework in Frameworks */,
			);
			runOnlyForDeploymentPostprocessing = 0;
		};
		007941C918F62955008097A3 /* Frameworks */ = {
			isa = PBXFrameworksBuildPhase;
			buildActionMask = 2147483647;
			files = (
				007941CE18F62955008097A3 /* XCTest.framework in Frameworks */,
				007941D018F62955008097A3 /* UIKit.framework in Frameworks */,
				007941CF18F62955008097A3 /* Foundation.framework in Frameworks */,
			);
			runOnlyForDeploymentPostprocessing = 0;
		};
/* End PBXFrameworksBuildPhase section */

/* Begin PBXGroup section */
		007941A218F62955008097A3 = {
			isa = PBXGroup;
			children = (
				007941B418F62955008097A3 /* SocialMedia */,
				007941D318F62955008097A3 /* SocialMediaTests */,
				007941AD18F62955008097A3 /* Frameworks */,
				007941AC18F62955008097A3 /* Products */,
			);
			sourceTree = "<group>";
		};
		007941AC18F62955008097A3 /* Products */ = {
			isa = PBXGroup;
			children = (
				007941AB18F62955008097A3 /* SocialMedia.app */,
				007941CC18F62955008097A3 /* SocialMediaTests.xctest */,
			);
			name = Products;
			sourceTree = "<group>";
		};
		007941AD18F62955008097A3 /* Frameworks */ = {
			isa = PBXGroup;
			children = (
				007941AE18F62955008097A3 /* Foundation.framework */,
				007941B018F62955008097A3 /* CoreGraphics.framework */,
				007941B218F62955008097A3 /* UIKit.framework */,
				007941CD18F62955008097A3 /* XCTest.framework */,
			);
			name = Frameworks;
			sourceTree = "<group>";
		};
		007941B418F62955008097A3 /* SocialMedia */ = {
			isa = PBXGroup;
			children = (
				007941BD18F62955008097A3 /* AppDelegate.h */,
				007941BE18F62955008097A3 /* AppDelegate.m */,
				007941C018F62955008097A3 /* Main.storyboard */,
				007941C318F62955008097A3 /* ViewController.h */,
				007941C418F62955008097A3 /* ViewController.m */,
				007941C618F62955008097A3 /* Images.xcassets */,
				007941B518F62955008097A3 /* Supporting Files */,
			);
			path = SocialMedia;
			sourceTree = "<group>";
		};
		007941B518F62955008097A3 /* Supporting Files */ = {
			isa = PBXGroup;
			children = (
				007941B618F62955008097A3 /* SocialMedia-Info.plist */,
				007941B718F62955008097A3 /* InfoPlist.strings */,
				007941BA18F62955008097A3 /* main.m */,
				007941BC18F62955008097A3 /* SocialMedia-Prefix.pch */,
			);
			name = "Supporting Files";
			sourceTree = "<group>";
		};
		007941D318F62955008097A3 /* SocialMediaTests */ = {
			isa = PBXGroup;
			children = (
				007941D918F62955008097A3 /* SocialMediaTests.m */,
				007941D418F62955008097A3 /* Supporting Files */,
			);
			path = SocialMediaTests;
			sourceTree = "<group>";
		};
		007941D418F62955008097A3 /* Supporting Files */ = {
			isa = PBXGroup;
			children = (
				007941D518F62955008097A3 /* SocialMediaTests-Info.plist */,
				007941D618F62955008097A3 /* InfoPlist.strings */,
			);
			name = "Supporting Files";
			sourceTree = "<group>";
		};
/* End PBXGroup section */

/* Begin PBXNativeTarget section */
		007941AA18F62955008097A3 /* SocialMedia */ = {
			isa = PBXNativeTarget;
			buildConfigurationList = 007941DD18F62955008097A3 /* Build configuration list for PBXNativeTarget "SocialMedia" */;
			buildPhases = (
				007941A718F62955008097A3 /* Sources */,
				007941A818F62955008097A3 /* Frameworks */,
				007941A918F62955008097A3 /* Resources */,
			);
			buildRules = (
			);
			dependencies = (
			);
			name = SocialMedia;
			productName = SocialMedia;
			productReference = 007941AB18F62955008097A3 /* SocialMedia.app */;
			productType = "com.apple.product-type.application";
		};
		007941CB18F62955008097A3 /* SocialMediaTests */ = {
			isa = PBXNativeTarget;
			buildConfigurationList = 007941E018F62955008097A3 /* Build configuration list for PBXNativeTarget "SocialMediaTests" */;
			buildPhases = (
				007941C818F62955008097A3 /* Sources */,
				007941C918F62955008097A3 /* Frameworks */,
				007941CA18F62955008097A3 /* Resources */,
			);
			buildRules = (
			);
			dependencies = (
				007941D218F62955008097A3 /* PBXTargetDependency */,
			);
			name = SocialMediaTests;
			productName = SocialMediaTests;
			productReference = 007941CC18F62955008097A3 /* SocialMediaTests.xctest */;
			productType = "com.apple.product-type.bundle.unit-test";
		};
/* End PBXNativeTarget section */

/* Begin PBXProject section */
		007941A318F62955008097A3 /* Project object */ = {
			isa = PBXProject;
			attributes = {
				LastUpgradeCheck = 0510;
				ORGANIZATIONNAME = "Terence Bezman";
				TargetAttributes = {
					007941CB18F62955008097A3 = {
						TestTargetID = 007941AA18F62955008097A3;
					};
				};
			};
			buildConfigurationList = 007941A618F62955008097A3 /* Build configuration list for PBXProject "SocialMedia" */;
			compatibilityVersion = "Xcode 3.2";
			developmentRegion = English;
			hasScannedForEncodings = 0;
			knownRegions = (
				en,
				Base,
			);
			mainGroup = 007941A218F62955008097A3;
			productRefGroup = 007941AC18F62955008097A3 /* Products */;
			projectDirPath = "";
			projectRoot = "";
			targets = (
				007941AA18F62955008097A3 /* SocialMedia */,
				007941CB18F62955008097A3 /* SocialMediaTests */,
			);
		};
/* End PBXProject section */

/* Begin PBXResourcesBuildPhase section */
		007941A918F62955008097A3 /* Resources */ = {
			isa = PBXResourcesBuildPhase;
			buildActionMask = 2147483647;
			files = (
				007941C718F62955008097A3 /* Images.xcassets in Resources */,
				007941B918F62955008097A3 /* InfoPlist.strings in Resources */,
				007941C218F62955008097A3 /* Main.storyboard in Resources */,
			);
			runOnlyForDeploymentPostprocessing = 0;
		};
		007941CA18F62955008097A3 /* Resources */ = {
			isa = PBXResourcesBuildPhase;
			buildActionMask = 2147483647;
			files = (
				007941D818F62955008097A3 /* InfoPlist.strings in Resources */,
			);
			runOnlyForDeploymentPostprocessing = 0;
		};
/* End PBXResourcesBuildPhase section */

/* Begin PBXSourcesBuildPhase section */
		007941A718F62955008097A3 /* Sources */ = {
			isa = PBXSourcesBuildPhase;
			buildActionMask = 2147483647;
			files = (
				007941C518F62955008097A3 /* ViewController.m in Sources */,
				007941BF18F62955008097A3 /* AppDelegate.m in Sources */,
				007941BB18F62955008097A3 /* main.m in Sources */,
			);
			runOnlyForDeploymentPostprocessing = 0;
		};
		007941C818F62955008097A3 /* Sources */ = {
			isa = PBXSourcesBuildPhase;
			buildActionMask = 2147483647;
			files = (
				007941DA18F62955008097A3 /* SocialMediaTests.m in Sources */,
			);
			runOnlyForDeploymentPostprocessing = 0;
		};
/* End PBXSourcesBuildPhase section */

/* Begin PBXTargetDependency section */
		007941D218F62955008097A3 /* PBXTargetDependency */ = {
			isa = PBXTargetDependency;
			target = 007941AA18F62955008097A3 /* SocialMedia */;
			targetProxy = 007941D118F62955008097A3 /* PBXContainerItemProxy */;
		};
/* End PBXTargetDependency section */

/* Begin PBXVariantGroup section */
		007941B718F62955008097A3 /* InfoPlist.strings */ = {
			isa = PBXVariantGroup;
			children = (
				007941B818F62955008097A3 /* en */,
			);
			name = InfoPlist.strings;
			sourceTree = "<group>";
		};
		007941C018F62955008097A3 /* Main.storyboard */ = {
			isa = PBXVariantGroup;
			children = (
				007941C118F62955008097A3 /* Base */,
			);
			name = Main.storyboard;
			sourceTree = "<group>";
		};
		007941D618F62955008097A3 /* InfoPlist.strings */ = {
			isa = PBXVariantGroup;
			children = (
				007941D718F62955008097A3 /* en */,
			);
			name = InfoPlist.strings;
			sourceTree = "<group>";
		};
/* End PBXVariantGroup section */

/* Begin XCBuildConfiguration section */
		007941DB18F62955008097A3 /* Debug */ = {
			isa = XCBuildConfiguration;
			buildSettings = {
				ALWAYS_SEARCH_USER_PATHS = NO;
				CLANG_CXX_LANGUAGE_STANDARD = "gnu++0x";
				CLANG_CXX_LIBRARY = "libc++";
				CLANG_ENABLE_MODULES = YES;
				CLANG_ENABLE_OBJC_ARC = YES;
				CLANG_WARN_BOOL_CONVERSION = YES;
				CLANG_WARN_CONSTANT_CONVERSION = YES;
				CLANG_WARN_DIRECT_OBJC_ISA_USAGE = YES_ERROR;
				CLANG_WARN_EMPTY_BODY = YES;
				CLANG_WARN_ENUM_CONVERSION = YES;
				CLANG_WARN_INT_CONVERSION = YES;
				CLANG_WARN_OBJC_ROOT_CLASS = YES_ERROR;
				CLANG_WARN__DUPLICATE_METHOD_MATCH = YES;
				"CODE_SIGN_IDENTITY[sdk=iphoneos*]" = "iPhone Developer";
				COPY_PHASE_STRIP = NO;
				GCC_C_LANGUAGE_STANDARD = gnu99;
				GCC_DYNAMIC_NO_PIC = NO;
				GCC_OPTIMIZATION_LEVEL = 0;
				GCC_PREPROCESSOR_DEFINITIONS = (
					"DEBUG=1",
					"$(inherited)",
				);
				GCC_SYMBOLS_PRIVATE_EXTERN = NO;
				GCC_WARN_64_TO_32_BIT_CONVERSION = YES;
				GCC_WARN_ABOUT_RETURN_TYPE = YES_ERROR;
				GCC_WARN_UNDECLARED_SELECTOR = YES;
				GCC_WARN_UNINITIALIZED_AUTOS = YES_AGGRESSIVE;
				GCC_WARN_UNUSED_FUNCTION = YES;
				GCC_WARN_UNUSED_VARIABLE = YES;
				IPHONEOS_DEPLOYMENT_TARGET = 7.1;
				ONLY_ACTIVE_ARCH = YES;
				SDKROOT = iphoneos;
			};
			name = Debug;
		};
		007941DC18F62955008097A3 /* Release */ = {
			isa = XCBuildConfiguration;
			buildSettings = {
				ALWAYS_SEARCH_USER_PATHS = NO;
				CLANG_CXX_LANGUAGE_STANDARD = "gnu++0x";
				CLANG_CXX_LIBRARY = "libc++";
				CLANG_ENABLE_MODULES = YES;
				CLANG_ENABLE_OBJC_ARC = YES;
				CLANG_WARN_BOOL_CONVERSION = YES;
				CLANG_WARN_CONSTANT_CONVERSION = YES;
				CLANG_WARN_DIRECT_OBJC_ISA_USAGE = YES_ERROR;
				CLANG_WARN_EMPTY_BODY = YES;
				CLANG_WARN_ENUM_CONVERSION = YES;
				CLANG_WARN_INT_CONVERSION = YES;
				CLANG_WARN_OBJC_ROOT_CLASS = YES_ERROR;
				CLANG_WARN__DUPLICATE_METHOD_MATCH = YES;
				"CODE_SIGN_IDENTITY[sdk=iphoneos*]" = "iPhone Developer";
				COPY_PHASE_STRIP = YES;
				ENABLE_NS_ASSERTIONS = NO;
				GCC_C_LANGUAGE_STANDARD = gnu99;
				GCC_WARN_64_TO_32_BIT_CONVERSION = YES;
				GCC_WARN_ABOUT_RETURN_TYPE = YES_ERROR;
				GCC_WARN_UNDECLARED_SELECTOR = YES;
				GCC_WARN_UNINITIALIZED_AUTOS = YES_AGGRESSIVE;
				GCC_WARN_UNUSED_FUNCTION = YES;
				GCC_WARN_UNUSED_VARIABLE = YES;
				IPHONEOS_DEPLOYMENT_TARGET = 7.1;
				SDKROOT = iphoneos;
				VALIDATE_PRODUCT = YES;
			};
			name = Release;
		};
		007941DE18F62955008097A3 /* Debug */ = {
			isa = XCBuildConfiguration;
			buildSettings = {
				ASSETCATALOG_COMPILER_APPICON_NAME = AppIcon;
				ASSETCATALOG_COMPILER_LAUNCHIMAGE_NAME = LaunchImage;
				GCC_PRECOMPILE_PREFIX_HEADER = YES;
				GCC_PREFIX_HEADER = "SocialMedia/SocialMedia-Prefix.pch";
				INFOPLIST_FILE = "SocialMedia/SocialMedia-Info.plist";
				PRODUCT_NAME = "$(TARGET_NAME)";
				WRAPPER_EXTENSION = app;
			};
			name = Debug;
		};
		007941DF18F62955008097A3 /* Release */ = {
			isa = XCBuildConfiguration;
			buildSettings = {
				ASSETCATALOG_COMPILER_APPICON_NAME = AppIcon;
				ASSETCATALOG_COMPILER_LAUNCHIMAGE_NAME = LaunchImage;
				GCC_PRECOMPILE_PREFIX_HEADER = YES;
				GCC_PREFIX_HEADER = "SocialMedia/SocialMedia-Prefix.pch";
				INFOPLIST_FILE = "SocialMedia/SocialMedia-Info.plist";
				PRODUCT_NAME = "$(TARGET_NAME)";
				WRAPPER_EXTENSION = app;
			};
			name = Release;
		};
		007941E118F62955008097A3 /* Debug */ = {
			isa = XCBuildConfiguration;
			buildSettings = {
				BUNDLE_LOADER = "$(BUILT_PRODUCTS_DIR)/SocialMedia.app/SocialMedia";
				FRAMEWORK_SEARCH_PATHS = (
					"$(SDKROOT)/Developer/Library/Frameworks",
					"$(inherited)",
					"$(DEVELOPER_FRAMEWORKS_DIR)",
				);
				GCC_PRECOMPILE_PREFIX_HEADER = YES;
				GCC_PREFIX_HEADER = "SocialMedia/SocialMedia-Prefix.pch";
				GCC_PREPROCESSOR_DEFINITIONS = (
					"DEBUG=1",
					"$(inherited)",
				);
				INFOPLIST_FILE = "SocialMediaTests/SocialMediaTests-Info.plist";
				PRODUCT_NAME = "$(TARGET_NAME)";
				TEST_HOST = "$(BUNDLE_LOADER)";
				WRAPPER_EXTENSION = xctest;
			};
			name = Debug;
		};
		007941E218F62955008097A3 /* Release */ = {
			isa = XCBuildConfiguration;
			buildSettings = {
				BUNDLE_LOADER = "$(BUILT_PRODUCTS_DIR)/SocialMedia.app/SocialMedia";
				FRAMEWORK_SEARCH_PATHS = (
					"$(SDKROOT)/Developer/Library/Frameworks",
					"$(inherited)",
					"$(DEVELOPER_FRAMEWORKS_DIR)",
				);
				GCC_PRECOMPILE_PREFIX_HEADER = YES;
				GCC_PREFIX_HEADER = "SocialMedia/SocialMedia-Prefix.pch";
				INFOPLIST_FILE = "SocialMediaTests/SocialMediaTests-Info.plist";
				PRODUCT_NAME = "$(TARGET_NAME)";
				TEST_HOST = "$(BUNDLE_LOADER)";
				WRAPPER_EXTENSION = xctest;
			};
			name = Release;
		};
/* End XCBuildConfiguration section */

/* Begin XCConfigurationList section */
		007941A618F62955008097A3 /* Build configuration list for PBXProject "SocialMedia" */ = {
			isa = XCConfigurationList;
			buildConfigurations = (
				007941DB18F62955008097A3 /* Debug */,
				007941DC18F62955008097A3 /* Release */,
			);
			defaultConfigurationIsVisible = 0;
			defaultConfigurationName = Release;
		};
		007941DD18F62955008097A3 /* Build configuration list for PBXNativeTarget "SocialMedia" */ = {
			isa = XCConfigurationList;
			buildConfigurations = (
				007941DE18F62955008097A3 /* Debug */,
				007941DF18F62955008097A3 /* Release */,
			);
			defaultConfigurationIsVisible = 0;
		};
		007941E018F62955008097A3 /* Build configuration list for PBXNativeTarget "SocialMediaTests" */ = {
			isa = XCConfigurationList;
			buildConfigurations = (
				007941E118F62955008097A3 /* Debug */,
				007941E218F62955008097A3 /* Release */,
			);
			defaultConfigurationIsVisible = 0;
		};
/* End XCConfigurationList section */
	};
	rootObject = 007941A318F62955008097A3 /* Project object */;
}
